{
  "name": "trade-journal",
  "lockfileVersion": 3,
  "requires": true,
  "packages": {
    "": {
      "dependencies": {
        "@fontsource/geist-sans": "^5.3.0"
      }
    },
    "node_modules/@fontsource/geist-sans": {
      "version": "5.3.0",
      "resolved": "https://registry.npmjs.org/@fontsource/geist-sans/-/geist-sans-5.3.0.tgz",
      "integrity": "sha512-AmG7cE1AvE4NHROPaOl1sN+a02cB5xy6pA/ZV76HXqWTCsJTV2SCBc9DTFHfJqnVOODm7HhXIYtUIb75NP5QXQ==",
      "license": "OFL-1.1",
      "funding": {
        "url": "https://github.com/sponsors/ayuhito"
      }
    }
  }
}
